
Microsoft Visual Studio Solution File, Format Version 12.00
# Visual Studio Version 17
VisualStudioVersion = 17.5.33414.496
MinimumVisualStudioVersion = 10.0.40219.1
Project("{FAE04EC0-301F-11D3-BF4B-00C04F79EFBC}") = "DeviceMGMT.Server", "DeviceMGMT\Server\DeviceMGMT.Server.csproj", "{52508EC4-184A-43E2-A43E-2C5AA4D48A18}"
EndProject
Project("{FAE04EC0-301F-11D3-BF4B-00C04F79EFBC}") = "DeviceMGMT.Client", "DeviceMGMT\Client\DeviceMGMT.Client.csproj", "{CEF78776-71A6-4208-BFAE-FD36193872BC}"
EndProject
Project("{FAE04EC0-301F-11D3-BF4B-00C04F79EFBC}") = "DeviceMGMT.Shared", "DeviceMGMT\Shared\DeviceMGMT.Shared.csproj", "{6B39AB05-1279-4EA2-A3F2-D5FE9FF499B8}"
EndProject
Global
	GlobalSection(SolutionConfigurationPlatforms) = preSolution
		Debug|Any CPU = Debug|Any CPU
		Release|Any CPU = Release|Any CPU
	EndGlobalSection
	GlobalSection(ProjectConfigurationPlatforms) = postSolution
		{52508EC4-184A-43E2-A43E-2C5AA4D48A18}.Debug|Any CPU.ActiveCfg = Debug|Any CPU
		{52508EC4-184A-43E2-A43E-2C5AA4D48A18}.Debug|Any CPU.Build.0 = Debug|Any CPU
		{52508EC4-184A-43E2-A43E-2C5AA4D48A18}.Release|Any CPU.ActiveCfg = Release|Any CPU
		{52508EC4-184A-43E2-A43E-2C5AA4D48A18}.Release|Any CPU.Build.0 = Release|Any CPU
		{CEF78776-71A6-4208-BFAE-FD36193872BC}.Debug|Any CPU.ActiveCfg = Debug|Any CPU
		{CEF78776-71A6-4208-BFAE-FD36193872BC}.Debug|Any CPU.Build.0 = Debug|Any CPU
		{CEF78776-71A6-4208-BFAE-FD36193872BC}.Release|Any CPU.ActiveCfg = Release|Any CPU
		{CEF78776-71A6-4208-BFAE-FD36193872BC}.Release|Any CPU.Build.0 = Release|Any CPU
		{6B39AB05-1279-4EA2-A3F2-D5FE9FF499B8}.Debug|Any CPU.ActiveCfg = Debug|Any CPU
		{6B39AB05-1279-4EA2-A3F2-D5FE9FF499B8}.Debug|Any CPU.Build.0 = Debug|Any CPU
		{6B39AB05-1279-4EA2-A3F2-D5FE9FF499B8}.Release|Any CPU.ActiveCfg = Release|Any CPU
		{6B39AB05-1279-4EA2-A3F2-D5FE9FF499B8}.Release|Any CPU.Build.0 = Release|Any CPU
	EndGlobalSection
	GlobalSection(SolutionProperties) = preSolution
		HideSolutionNode = FALSE
	EndGlobalSection
	GlobalSection(ExtensibilityGlobals) = postSolution
		SolutionGuid = {EAE2B919-CAAF-419D-B027-2C1108D424EF}
	EndGlobalSection
EndGlobal
